
Microsoft Visual Studio Solution File, Format Version 12.00
Project("{2150E333-8FDC-42A3-9474-1A3956D46DE8}") = "src", "src", "{B0DD2EC2-41AF-439A-9119-E800CA6E12F3}"
EndProject
Project("{2150E333-8FDC-42A3-9474-1A3956D46DE8}") = "test", "test", "{34C0278B-EFF0-4B55-A6A1-8AB1316BFAD8}"
EndProject
Project("{FAE04EC0-301F-11D3-BF4B-00C04F79EFBC}") = "Strategy", "src\Strategy\Strategy.csproj", "{0DC2104C-5C0D-47EA-9E14-E75C6DEF2AE6}"
EndProject
Project("{FAE04EC0-301F-11D3-BF4B-00C04F79EFBC}") = "Strategy.UnitTests", "test\Strategy.UnitTests\Strategy.UnitTests.csproj", "{C76EB114-3E5C-4C1B-93D7-F9B5919C573B}"
EndProject
Project("{FAE04EC0-301F-11D3-BF4B-00C04F79EFBC}") = "Strategy.IntegrationTests", "test\Strategy.IntegrationTests\Strategy.IntegrationTests.csproj", "{F23D8C1A-AF8C-49DC-9878-7C417D1AF7C6}"
EndProject
Global
	GlobalSection(SolutionConfigurationPlatforms) = preSolution
		Debug|Any CPU = Debug|Any CPU
		Release|Any CPU = Release|Any CPU
	EndGlobalSection
	GlobalSection(NestedProjects) = preSolution
		{0DC2104C-5C0D-47EA-9E14-E75C6DEF2AE6} = {B0DD2EC2-41AF-439A-9119-E800CA6E12F3}
		{C76EB114-3E5C-4C1B-93D7-F9B5919C573B} = {34C0278B-EFF0-4B55-A6A1-8AB1316BFAD8}
		{F23D8C1A-AF8C-49DC-9878-7C417D1AF7C6} = {34C0278B-EFF0-4B55-A6A1-8AB1316BFAD8}
	EndGlobalSection
	GlobalSection(ProjectConfigurationPlatforms) = postSolution
		{0DC2104C-5C0D-47EA-9E14-E75C6DEF2AE6}.Debug|Any CPU.ActiveCfg = Debug|Any CPU
		{0DC2104C-5C0D-47EA-9E14-E75C6DEF2AE6}.Debug|Any CPU.Build.0 = Debug|Any CPU
		{0DC2104C-5C0D-47EA-9E14-E75C6DEF2AE6}.Release|Any CPU.ActiveCfg = Release|Any CPU
		{0DC2104C-5C0D-47EA-9E14-E75C6DEF2AE6}.Release|Any CPU.Build.0 = Release|Any CPU
		{C76EB114-3E5C-4C1B-93D7-F9B5919C573B}.Debug|Any CPU.ActiveCfg = Debug|Any CPU
		{C76EB114-3E5C-4C1B-93D7-F9B5919C573B}.Debug|Any CPU.Build.0 = Debug|Any CPU
		{C76EB114-3E5C-4C1B-93D7-F9B5919C573B}.Release|Any CPU.ActiveCfg = Release|Any CPU
		{C76EB114-3E5C-4C1B-93D7-F9B5919C573B}.Release|Any CPU.Build.0 = Release|Any CPU
		{F23D8C1A-AF8C-49DC-9878-7C417D1AF7C6}.Debug|Any CPU.ActiveCfg = Debug|Any CPU
		{F23D8C1A-AF8C-49DC-9878-7C417D1AF7C6}.Debug|Any CPU.Build.0 = Debug|Any CPU
		{F23D8C1A-AF8C-49DC-9878-7C417D1AF7C6}.Release|Any CPU.ActiveCfg = Release|Any CPU
		{F23D8C1A-AF8C-49DC-9878-7C417D1AF7C6}.Release|Any CPU.Build.0 = Release|Any CPU
	EndGlobalSection
EndGlobal
